Microsoft Visual Studio Solution File, Format Version 12.00
# Visual Studio Version 16
VisualStudioVersion = 16.0.0.0
MinimumVisualStudioVersion = 16.0.0.0
Project("{9A19103F-16F7-4668-BE54-9A1E7A4F7556}") = "frontend.Server", "Server\frontend.Server.csproj", "{61617258-4731-4836-A846-18FFE17A512E}"
EndProject
Project("{9A19103F-16F7-4668-BE54-9A1E7A4F7556}") = "frontend.Client", "Client\frontend.Client.csproj", "{0CEE9E07-0251-44E1-99D1-A7699A75B2F6}"
EndProject
Project("{9A19103F-16F7-4668-BE54-9A1E7A4F7556}") = "frontend.Shared", "Shared\frontend.Shared.csproj", "{A4251916-9AFC-4320-8B5D-DBF31144A77C}"
EndProject
Global
	GlobalSection(SolutionConfigurationPlatforms) = preSolution
		Debug|Any CPU = Debug|Any CPU
		Debug|x64 = Debug|x64
		Debug|x86 = Debug|x86
		Release|Any CPU = Release|Any CPU
		Release|x64 = Release|x64
		Release|x86 = Release|x86
	EndGlobalSection
	GlobalSection(ProjectConfigurationPlatforms) = postSolution
		{0CEE9E07-0251-44E1-99D1-A7699A75B2F6}.Debug|Any CPU.ActiveCfg = Debug|Any CPU
		{0CEE9E07-0251-44E1-99D1-A7699A75B2F6}.Debug|Any CPU.Build.0 = Debug|Any CPU
		{0CEE9E07-0251-44E1-99D1-A7699A75B2F6}.Debug|x64.ActiveCfg = Debug|Any CPU
		{0CEE9E07-0251-44E1-99D1-A7699A75B2F6}.Debug|x64.Build.0 = Debug|Any CPU
		{0CEE9E07-0251-44E1-99D1-A7699A75B2F6}.Debug|x86.ActiveCfg = Debug|Any CPU
		{0CEE9E07-0251-44E1-99D1-A7699A75B2F6}.Debug|x86.Build.0 = Debug|Any CPU
		{0CEE9E07-0251-44E1-99D1-A7699A75B2F6}.Release|Any CPU.ActiveCfg = Release|Any CPU
		{0CEE9E07-0251-44E1-99D1-A7699A75B2F6}.Release|Any CPU.Build.0 = Release|Any CPU
		{0CEE9E07-0251-44E1-99D1-A7699A75B2F6}.Release|x64.ActiveCfg = Release|Any CPU
		{0CEE9E07-0251-44E1-99D1-A7699A75B2F6}.Release|x64.Build.0 = Release|Any CPU
		{0CEE9E07-0251-44E1-99D1-A7699A75B2F6}.Release|x86.ActiveCfg = Release|Any CPU
		{0CEE9E07-0251-44E1-99D1-A7699A75B2F6}.Release|x86.Build.0 = Release|Any CPU
		{61617258-4731-4836-A846-18FFE17A512E}.Debug|Any CPU.ActiveCfg = Debug|Any CPU
		{61617258-4731-4836-A846-18FFE17A512E}.Debug|Any CPU.Build.0 = Debug|Any CPU
		{61617258-4731-4836-A846-18FFE17A512E}.Debug|x64.ActiveCfg = Debug|Any CPU
		{61617258-4731-4836-A846-18FFE17A512E}.Debug|x64.Build.0 = Debug|Any CPU
		{61617258-4731-4836-A846-18FFE17A512E}.Debug|x86.ActiveCfg = Debug|Any CPU
		{61617258-4731-4836-A846-18FFE17A512E}.Debug|x86.Build.0 = Debug|Any CPU
		{61617258-4731-4836-A846-18FFE17A512E}.Release|Any CPU.ActiveCfg = Release|Any CPU
		{61617258-4731-4836-A846-18FFE17A512E}.Release|Any CPU.Build.0 = Release|Any CPU
		{61617258-4731-4836-A846-18FFE17A512E}.Release|x64.ActiveCfg = Release|Any CPU
		{61617258-4731-4836-A846-18FFE17A512E}.Release|x64.Build.0 = Release|Any CPU
		{61617258-4731-4836-A846-18FFE17A512E}.Release|x86.ActiveCfg = Release|Any CPU
		{61617258-4731-4836-A846-18FFE17A512E}.Release|x86.Build.0 = Release|Any CPU
		{A4251916-9AFC-4320-8B5D-DBF31144A77C}.Debug|Any CPU.ActiveCfg = Debug|Any CPU
		{A4251916-9AFC-4320-8B5D-DBF31144A77C}.Debug|Any CPU.Build.0 = Debug|Any CPU
		{A4251916-9AFC-4320-8B5D-DBF31144A77C}.Debug|x64.ActiveCfg = Debug|Any CPU
		{A4251916-9AFC-4320-8B5D-DBF31144A77C}.Debug|x64.Build.0 = Debug|Any CPU
		{A4251916-9AFC-4320-8B5D-DBF31144A77C}.Debug|x86.ActiveCfg = Debug|Any CPU
		{A4251916-9AFC-4320-8B5D-DBF31144A77C}.Debug|x86.Build.0 = Debug|Any CPU
		{A4251916-9AFC-4320-8B5D-DBF31144A77C}.Release|Any CPU.ActiveCfg = Release|Any CPU
		{A4251916-9AFC-4320-8B5D-DBF31144A77C}.Release|Any CPU.Build.0 = Release|Any CPU
		{A4251916-9AFC-4320-8B5D-DBF31144A77C}.Release|x64.ActiveCfg = Release|Any CPU
		{A4251916-9AFC-4320-8B5D-DBF31144A77C}.Release|x64.Build.0 = Release|Any CPU
		{A4251916-9AFC-4320-8B5D-DBF31144A77C}.Release|x86.ActiveCfg = Release|Any CPU
		{A4251916-9AFC-4320-8B5D-DBF31144A77C}.Release|x86.Build.0 = Release|Any CPU
	EndGlobalSection
	GlobalSection(SolutionProperties) = preSolution
		HideSolutionNode = FALSE
	EndGlobalSection
	GlobalSection(ExtensibilityGlobals) = postSolution
		SolutionGuid = {E22278C7-E93D-45F1-B243-3DC7B6319401}
	EndGlobalSection
EndGlobal